
Microsoft Visual Studio Solution File, Format Version 12.00
# Visual Studio 15
VisualStudioVersion = 15.0.27703.2047
MinimumVisualStudioVersion = 10.0.40219.1
Project("{FAE04EC0-301F-11D3-BF4B-00C04F79EFBC}") = "MyWebApi", "MyWebApi\MyWebApi.csproj", "{18DE7D71-479E-47F3-8F25-0185AFAC9F99}"
EndProject
Project("{FAE04EC0-301F-11D3-BF4B-00C04F79EFBC}") = "MyWebApi.Entity", "MyWebApi.Entity\MyWebApi.Entity.csproj", "{0035D028-E9C3-48B1-8D11-0BCA6AF671D9}"
EndProject
Project("{FAE04EC0-301F-11D3-BF4B-00C04F79EFBC}") = "MyWebApi.Token", "MyWebApi.Token\MyWebApi.Token.csproj", "{56EF1E31-781C-4744-BBC2-9E6B06C6024E}"
EndProject
Global
	GlobalSection(SolutionConfigurationPlatforms) = preSolution
		Debug|Any CPU = Debug|Any CPU
		Release|Any CPU = Release|Any CPU
	EndGlobalSection
	GlobalSection(ProjectConfigurationPlatforms) = postSolution
		{18DE7D71-479E-47F3-8F25-0185AFAC9F99}.Debug|Any CPU.ActiveCfg = Debug|Any CPU
		{18DE7D71-479E-47F3-8F25-0185AFAC9F99}.Debug|Any CPU.Build.0 = Debug|Any CPU
		{18DE7D71-479E-47F3-8F25-0185AFAC9F99}.Release|Any CPU.ActiveCfg = Release|Any CPU
		{18DE7D71-479E-47F3-8F25-0185AFAC9F99}.Release|Any CPU.Build.0 = Release|Any CPU
		{0035D028-E9C3-48B1-8D11-0BCA6AF671D9}.Debug|Any CPU.ActiveCfg = Debug|Any CPU
		{0035D028-E9C3-48B1-8D11-0BCA6AF671D9}.Debug|Any CPU.Build.0 = Debug|Any CPU
		{0035D028-E9C3-48B1-8D11-0BCA6AF671D9}.Release|Any CPU.ActiveCfg = Release|Any CPU
		{0035D028-E9C3-48B1-8D11-0BCA6AF671D9}.Release|Any CPU.Build.0 = Release|Any CPU
		{56EF1E31-781C-4744-BBC2-9E6B06C6024E}.Debug|Any CPU.ActiveCfg = Debug|Any CPU
		{56EF1E31-781C-4744-BBC2-9E6B06C6024E}.Debug|Any CPU.Build.0 = Debug|Any CPU
		{56EF1E31-781C-4744-BBC2-9E6B06C6024E}.Release|Any CPU.ActiveCfg = Release|Any CPU
		{56EF1E31-781C-4744-BBC2-9E6B06C6024E}.Release|Any CPU.Build.0 = Release|Any CPU
	EndGlobalSection
	GlobalSection(SolutionProperties) = preSolution
		HideSolutionNode = FALSE
	EndGlobalSection
	GlobalSection(ExtensibilityGlobals) = postSolution
		SolutionGuid = {A881F0F5-ECCF-429E-A32B-0D23F304A358}
	EndGlobalSection
EndGlobal
